
Microsoft Visual Studio Solution File, Format Version 12.00
# Visual Studio 15
VisualStudioVersion = 15.0.26430.16
MinimumVisualStudioVersion = 10.0.40219.1
Project("{FAE04EC0-301F-11D3-BF4B-00C04F79EFBC}") = "BeepLibrary", "BeepLibrary\BeepLibrary.csproj", "{28130B90-570F-4EF6-8617-A527767171E3}"
EndProject
Project("{FAE04EC0-301F-11D3-BF4B-00C04F79EFBC}") = "BeepWPF", "BeepWPF\BeepWPF.csproj", "{B1E25052-6669-4235-8BF5-9365AC8D55CC}"
EndProject
Global
	GlobalSection(SolutionConfigurationPlatforms) = preSolution
		Debug|Any CPU = Debug|Any CPU
		Release|Any CPU = Release|Any CPU
	EndGlobalSection
	GlobalSection(ProjectConfigurationPlatforms) = postSolution
		{28130B90-570F-4EF6-8617-A527767171E3}.Debug|Any CPU.ActiveCfg = Debug|Any CPU
		{28130B90-570F-4EF6-8617-A527767171E3}.Debug|Any CPU.Build.0 = Debug|Any CPU
		{28130B90-570F-4EF6-8617-A527767171E3}.Release|Any CPU.ActiveCfg = Release|Any CPU
		{28130B90-570F-4EF6-8617-A527767171E3}.Release|Any CPU.Build.0 = Release|Any CPU
		{B1E25052-6669-4235-8BF5-9365AC8D55CC}.Debug|Any CPU.ActiveCfg = Debug|Any CPU
		{B1E25052-6669-4235-8BF5-9365AC8D55CC}.Debug|Any CPU.Build.0 = Debug|Any CPU
		{B1E25052-6669-4235-8BF5-9365AC8D55CC}.Release|Any CPU.ActiveCfg = Release|Any CPU
		{B1E25052-6669-4235-8BF5-9365AC8D55CC}.Release|Any CPU.Build.0 = Release|Any CPU
	EndGlobalSection
	GlobalSection(SolutionProperties) = preSolution
		HideSolutionNode = FALSE
	EndGlobalSection
EndGlobal
